
Microsoft Visual Studio Solution File, Format Version 12.00
# Visual Studio Version 17
VisualStudioVersion = 17.0.32126.317
MinimumVisualStudioVersion = 10.0.40219.1
Project("{FAE04EC0-301F-11D3-BF4B-00C04F79EFBC}") = "FirstApi2", "FirstApi2.csproj", "{FE835E30-AB6F-40E2-893D-56B94CE7B71C}"
EndProject
Global
	GlobalSection(SolutionConfigurationPlatforms) = preSolution
		Debug|Any CPU = Debug|Any CPU
		Release|Any CPU = Release|Any CPU
	EndGlobalSection
	GlobalSection(ProjectConfigurationPlatforms) = postSolution
		{FE835E30-AB6F-40E2-893D-56B94CE7B71C}.Debug|Any CPU.ActiveCfg = Debug|Any CPU
		{FE835E30-AB6F-40E2-893D-56B94CE7B71C}.Debug|Any CPU.Build.0 = Debug|Any CPU
		{FE835E30-AB6F-40E2-893D-56B94CE7B71C}.Release|Any CPU.ActiveCfg = Release|Any CPU
		{FE835E30-AB6F-40E2-893D-56B94CE7B71C}.Release|Any CPU.Build.0 = Release|Any CPU
	EndGlobalSection
	GlobalSection(SolutionProperties) = preSolution
		HideSolutionNode = FALSE
	EndGlobalSection
	GlobalSection(ExtensibilityGlobals) = postSolution
		SolutionGuid = {9D636E97-88BB-4CAD-91F6-D28FC8D08F57}
	EndGlobalSection
EndGlobal
